dependencies:
- name: common
  repository: oci://registry-1.docker.io/bitnamicharts
  version: 2.31.4
- name: shibd
  repository: oci://registry.rc.nectar.org.au/nectar-helm
  version: 1.3.1
- name: mariadb
  repository: oci://registry-1.docker.io/bitnamicharts
  version: 23.0.5
- name: rabbitmq
  repository: oci://registry-1.docker.io/bitnamicharts
  version: 16.0.14
- name: memcached
  repository: oci://registry-1.docker.io/bitnamicharts
  version: 8.0.5
digest: sha256:c3d543c341f3f1bab567725b1738f7d818363e71595a5f08aebee46ce86f95f0
generated: "2025-10-15T03:07:10.02087352Z"
