dependencies:
- name: common
  repository: oci://registry-1.docker.io/bitnamicharts
  version: 2.41.0
- name: shibd
  repository: oci://registry.rc.nectar.org.au/nectar-helm
  version: 1.4.0
- name: mariadb
  repository: oci://registry-1.docker.io/bitnamicharts
  version: 27.3.0
- name: rabbitmq
  repository: oci://registry-1.docker.io/bitnamicharts
  version: 16.0.14
- name: memcached
  repository: oci://registry-1.docker.io/bitnamicharts
  version: 8.8.0
digest: sha256:717a9d01696fe8c50124480056b1856c461ce0d7289d9ac6b79e5920aa33ab14
generated: "2026-09-10T18:19:12.626989634Z"
