dependencies:
- name: common
  repository: oci://registry-1.docker.io/bitnamicharts
  version: 2.41.0
- name: shibd
  repository: oci://registry.rc.nectar.org.au/nectar-helm
  version: 1.4.0
- name: mariadb
  repository: oci://registry-1.docker.io/bitnamicharts
  version: 27.0.4
- name: rabbitmq
  repository: oci://registry-1.docker.io/bitnamicharts
  version: 16.0.14
- name: memcached
  repository: oci://registry-1.docker.io/bitnamicharts
  version: 8.7.5
digest: sha256:ac0a290c0d1a1f5314eafd40e78a5f4caab91d172f014716364f047b35fa0a23
generated: "2026-08-26T04:14:27.75239094Z"
